# THIS IS AN AUTOGENERATED FILE. DO NOT EDIT THIS FILE DIRECTLY.
# yarn lockfile v1


"@babel/runtime@^7.6.0":
  version "7.6.3"
  resolved "https://registry.yarnpkg.com/@babel/runtime/-/runtime-7.6.3.tgz#935122c74c73d2240cafd32ddb5fc2a6cd35cf1f"
  integrity sha512-kq6anf9JGjW8Nt5rYfEuGRaEAaH1mkv3Bbu6rYvLOpPh/RusSJXuKPEAoZ7L7gybZkchE8+NV5g9vKF4AGAtsA==
  dependencies:
    regenerator-runtime "^0.13.2"

"@nuxt/opencollective@^0.3.0":
  version "0.3.0"
  resolved "https://registry.yarnpkg.com/@nuxt/opencollective/-/opencollective-0.3.0.tgz#11d8944dcf2d526e31660bb69570be03f8fb72b7"
  integrity sha512-Vf09BxCdj1iT2IRqVwX5snaY2WCTkvM0O4cWWSO1ThCFuc4if0Q/nNwAgCxRU0FeYHJ7DdyMUNSdswCLKlVqeg==
  dependencies:
    chalk "^2.4.2"
    consola "^2.10.1"
    node-fetch "^2.6.0"

"@rails/activestorage@^6.0.0-alpha":
  version "6.0.0"
  resolved "https://registry.yarnpkg.com/@rails/activestorage/-/activestorage-6.0.0.tgz#6d9cc98f3dcf195c38ca65e80acd2e759336dd7a"
  integrity sha512-RZqTVlUYSWcI88pSJ7ImuTtDYQvqVc2PNuOo+5R3hcVupD+d2TO8xmluqQ5TvByjPqKX4acEK0mjEIK5ip9kCg==
  dependencies:
    spark-md5 "^3.0.0"

"@samuelmeuli/font-manager@^1.2.0":
  version "1.3.0"
  resolved "https://registry.yarnpkg.com/@samuelmeuli/font-manager/-/font-manager-1.3.0.tgz#5fe2aecd5b325043fae13bbc4ead852ff8309de4"
  integrity sha512-wGZWeWLx1Q12iyWu2ym/yJ8L78cRrclWzXP9cL7TRp7ftmxi687+HNkE0ClDrIOAvXhw1AAYmTEdrgflr4KLFg==
  dependencies:
    "@babel/runtime" "^7.6.0"

"@voerro/vue-tagsinput@^1.11.2":
  version "1.11.2"
  resolved "https://registry.yarnpkg.com/@voerro/vue-tagsinput/-/vue-tagsinput-1.11.2.tgz#61bc701b198c87d0b2e102c1425954068818b6fd"
  integrity sha512-+vcAELV/egIYTEWqTCUDiLMNs5AcXUX4bwhbJwhFPr8No6WqNNcDPzfhl04tHj6ljOP30NFlSpCDnxPZgN+mmA==
  dependencies:
    vue "^2.5.0"

"@vue/component-compiler-utils@^3.0.0":
  version "3.0.0"
  resolved "https://registry.yarnpkg.com/@vue/component-compiler-utils/-/component-compiler-utils-3.0.0.tgz#d16fa26b836c06df5baaeb45f3d80afc47e35634"
  integrity sha512-am+04/0UX7ektcmvhYmrf84BDVAD8afFOf4asZjN84q8xzxFclbk5x0MtxuKGfp+zjN5WWPJn3fjFAWtDdIGSw==
  dependencies:
    consolidate "^0.15.1"
    hash-sum "^1.0.2"
    lru-cache "^4.1.2"
    merge-source-map "^1.1.0"
    postcss "^7.0.14"
    postcss-selector-parser "^5.0.0"
    prettier "1.16.3"
    source-map "~0.6.1"
    vue-template-es2015-compiler "^1.9.0"

ansi-styles@^3.2.1:
  version "3.2.1"
  resolved "https://registry.yarnpkg.com/ansi-styles/-/ansi-styles-3.2.1.tgz#41fbb20243e50b12be0f04b8dedbf07520ce841d"
  integrity sha512-VT0ZI6kZRdTh8YyJw3SMbYm/u+NqfsAxEpWO0Pf9sq8/e94WxxOpPKx9FR1FlyCtOVDNOQ+8ntlqFxiRc+r5qA==
  dependencies:
    color-convert "^1.9.0"

array-parallel@^0.1.3:
  version "0.1.3"
  resolved "https://registry.yarnpkg.com/array-parallel/-/array-parallel-0.1.3.tgz#8f785308926ed5aa478c47e64d1b334b6c0c947d"
  integrity sha1-j3hTCJJu1apHjEfmTRszS2wMlH0=

axios@^0.19.0:
  version "0.19.0"
  resolved "https://registry.yarnpkg.com/axios/-/axios-0.19.0.tgz#8e09bff3d9122e133f7b8101c8fbdd00ed3d2ab8"
  integrity sha512-1uvKqKQta3KBxIz14F2v06AEHZ/dIoeKfbTRkK1E5oqjDnuEerLmYTgJB5AiQZHJcljpg1TuRzdjDR06qNk0DQ==
  dependencies:
    follow-redirects "1.5.10"
    is-buffer "^2.0.2"

big.js@^5.2.2:
  version "5.2.2"
  resolved "https://registry.yarnpkg.com/big.js/-/big.js-5.2.2.tgz#65f0af382f578bcdc742bd9c281e9cb2d7768328"
  integrity sha512-vyL2OymJxmarO8gxMr0mhChsO9QGwhynfuu4+MHTAW6czfq9humCB7rKpUjDd9YUiDPU4mzpyupFSvOClAwbmQ==

bluebird@^3.1.1:
  version "3.7.0"
  resolved "https://registry.yarnpkg.com/bluebird/-/bluebird-3.7.0.tgz#56a6a886e03f6ae577cffedeb524f8f2450293cf"
  integrity sha512-aBQ1FxIa7kSWCcmKHlcHFlT2jt6J/l4FzC7KcPELkOJOsPOb/bccdhmIrKDfXhwFrmc7vDoDrrepFvGqjyXGJg==

bootstrap-vue@^2.0.1:
  version "2.0.4"
  resolved "https://registry.yarnpkg.com/bootstrap-vue/-/bootstrap-vue-2.0.4.tgz#9bf99754a22acece72e02adda3c7965b818ae2bc"
  integrity sha512-/5WXa3ir5uajcs7ze7jz7QXpYuJGWHjvJ8biMq0+e0IIIxw2jSdh4LsiFKD7C7qtgKre28hhXOfx79RmZX4wcQ==
  dependencies:
    "@nuxt/opencollective" "^0.3.0"
    bootstrap ">=4.3.1 <5.0.0"
    popper.js "^1.15.0"
    portal-vue "^2.1.6"
    vue-functional-data-merge "^3.1.0"

"bootstrap@>=4.3.1 <5.0.0", bootstrap@^4.3.1:
  version "4.3.1"
  resolved "https://registry.yarnpkg.com/bootstrap/-/bootstrap-4.3.1.tgz#280ca8f610504d99d7b6b4bfc4b68cec601704ac"
  integrity sha512-rXqOmH1VilAt2DyPzluTi2blhk17bO7ef+zLLPlWvG494pDxcM234pJ8wTc/6R40UWizAIIMgxjvxZg5kmsbag==

chalk@^2.4.2:
  version "2.4.2"
  resolved "https://registry.yarnpkg.com/chalk/-/chalk-2.4.2.tgz#cd42541677a54333cf541a49108c1432b44c9424"
  integrity sha512-Mti+f9lpJNcwF4tWV8/OrTTtF1gZi+f8FqlyAdouralcFWFQWF2+NgCHShjkCb+IFBLq9buZwE1xckQU4peSuQ==
  dependencies:
    ansi-styles "^3.2.1"
    escape-string-regexp "^1.0.5"
    supports-color "^5.3.0"

codemirror-spell-checker@*:
  version "1.1.2"
  resolved "https://registry.yarnpkg.com/codemirror-spell-checker/-/codemirror-spell-checker-1.1.2.tgz#1c660f9089483ccb5113b9ba9ca19c3f4993371e"
  integrity sha1-HGYPkIlIPMtRE7m6nKGcP0mTNx4=
  dependencies:
    typo-js "*"

codemirror@*:
  version "5.49.0"
  resolved "https://registry.yarnpkg.com/codemirror/-/codemirror-5.49.0.tgz#adedbffcc81091e4a0334bcb96b1ae3b7ada5e3f"
  integrity sha512-Hyzr0HToBdZpLBN9dYFO/KlJAsKH37/cXVHPAqa+imml0R92tb9AkmsvjnXL+SluEvjjdfkDgRjc65NG5jnMYA==

color-convert@^1.9.0:
  version "1.9.3"
  resolved "https://registry.yarnpkg.com/color-convert/-/color-convert-1.9.3.tgz#bb71850690e1f136567de629d2d5471deda4c1e8"
  integrity sha512-QfAUtd+vFdAtFQcC8CCyYt1fYWxSqAiK2cSD6zDB8N3cpsEBAvRxp9zOGg6G/SHHJYAT88/az/IuDGALsNVbGg==
  dependencies:
    color-name "1.1.3"

color-fns@^0.0.10:
  version "0.0.10"
  resolved "https://registry.yarnpkg.com/color-fns/-/color-fns-0.0.10.tgz#b03f34ab3bb3902ac24e7c86ff32d845fbbaf7bf"
  integrity sha512-QFKowTE9CXCLp09Gz5cQo8VPUP55hf73iHEI52JC3NyKfMpQG2VoLWmTxYeTKH6ngkEnoMrCdEX//M6J4PVQBA==

color-name@1.1.3:
  version "1.1.3"
  resolved "https://registry.yarnpkg.com/color-name/-/color-name-1.1.3.tgz#a7d0558bd89c42f795dd42328f740831ca53bc25"
  integrity sha1-p9BVi9icQveV3UIyj3QIMcpTvCU=

consola@^2.10.1:
  version "2.10.1"
  resolved "https://registry.yarnpkg.com/consola/-/consola-2.10.1.tgz#4693edba714677c878d520e4c7e4f69306b4b927"
  integrity sha512-4sxpH6SGFYLADfUip4vuY65f/gEogrzJoniVhNUYkJHtng0l8ZjnDCqxxrSVRHOHwKxsy8Vm5ONZh1wOR3/l/w==

consolidate@^0.15.1:
  version "0.15.1"
  resolved "https://registry.yarnpkg.com/consolidate/-/consolidate-0.15.1.tgz#21ab043235c71a07d45d9aad98593b0dba56bab7"
  integrity sha512-DW46nrsMJgy9kqAbPt5rKaCr7uFtpo4mSUvLHIUbJEjm0vo+aY5QLwBUq3FK4tRnJr/X0Psc0C4jf/h+HtXSMw==
  dependencies:
    bluebird "^3.1.1"

cssesc@^2.0.0:
  version "2.0.0"
  resolved "https://registry.yarnpkg.com/cssesc/-/cssesc-2.0.0.tgz#3b13bd1bb1cb36e1bcb5a4dcd27f54c5dcb35703"
  integrity sha512-MsCAG1z9lPdoO/IUMLSBWBSVxVtJ1395VGIQ+Fc2gNdkQ1hNDnQdw3YhA71WJCBW1vdwA0cAnk/DnW6bqoEUYg==

de-indent@^1.0.2:
  version "1.0.2"
  resolved "https://registry.yarnpkg.com/de-indent/-/de-indent-1.0.2.tgz#b2038e846dc33baa5796128d0804b455b8c1e21d"
  integrity sha1-sgOOhG3DO6pXlhKNCAS0VbjB4h0=

debug@=3.1.0:
  version "3.1.0"
  resolved "https://registry.yarnpkg.com/debug/-/debug-3.1.0.tgz#5bb5a0672628b64149566ba16819e61518c67261"
  integrity sha512-OX8XqP7/1a9cqkxYw2yXss15f26NKWBpDXQd0/uK/KPqdQhxbPa994hnzjcE2VqQpDslf55723cKPUOGSmMY3g==
  dependencies:
    ms "2.0.0"

emojis-list@^2.0.0:
  version "2.1.0"
  resolved "https://registry.yarnpkg.com/emojis-list/-/emojis-list-2.1.0.tgz#4daa4d9db00f9819880c79fa457ae5b09a1fd389"
  integrity sha1-TapNnbAPmBmIDHn6RXrlsJof04k=

escape-string-regexp@^1.0.5:
  version "1.0.5"
  resolved "https://registry.yarnpkg.com/escape-string-regexp/-/escape-string-regexp-1.0.5.tgz#1b61c0562190a8dff6ae3bb2cf0200ca130b86d4"
  integrity sha1-G2HAViGQqN/2rjuyzwIAyhMLhtQ=

fault@^1.0.2:
  version "1.0.3"
  resolved "https://registry.yarnpkg.com/fault/-/fault-1.0.3.tgz#4da88cf979b6b792b4e13c7ec836767725170b7e"
  integrity sha512-sfFuP4X0hzrbGKjAUNXYvNqsZ5F6ohx/dZ9I0KQud/aiZNwg263r5L9yGB0clvXHCkzXh5W3t7RSHchggYIFmA==
  dependencies:
    format "^0.2.2"

follow-redirects@1.5.10:
  version "1.5.10"
  resolved "https://registry.yarnpkg.com/follow-redirects/-/follow-redirects-1.5.10.tgz#7b7a9f9aea2fdff36786a94ff643ed07f4ff5e2a"
  integrity sha512-0V5l4Cizzvqt5D44aTXbFZz+FtyXV1vrDN6qrelxtfYQKW0KO0W2T/hkE8xvGa/540LkZlkaUjO4ailYTFtHVQ==
  dependencies:
    debug "=3.1.0"

font-picker@^3.0.3:
  version "3.4.1"
  resolved "https://registry.yarnpkg.com/font-picker/-/font-picker-3.4.1.tgz#bc76243203bea9e1a3b88734d084cbfb52133f26"
  integrity sha512-YIX/dTd4VEa5mrZP/GeDGEUtBKgAHSOTxOVr1kahveGGhuXS5tgfYpIR39SVXRyj8hesfGztyw2BkJMdNkqpkQ==
  dependencies:
    "@samuelmeuli/font-manager" "^1.2.0"

format@^0.2.2:
  version "0.2.2"
  resolved "https://registry.yarnpkg.com/format/-/format-0.2.2.tgz#d6170107e9efdc4ed30c9dc39016df942b5cb58b"
  integrity sha1-1hcBB+nv3E7TDJ3DkBbflCtctYs=

has-flag@^3.0.0:
  version "3.0.0"
  resolved "https://registry.yarnpkg.com/has-flag/-/has-flag-3.0.0.tgz#b5d454dc2199ae225699f3467e5a07f3b955bafd"
  integrity sha1-tdRU3CGZriJWmfNGfloH87lVuv0=

hash-sum@^1.0.2:
  version "1.0.2"
  resolved "https://registry.yarnpkg.com/hash-sum/-/hash-sum-1.0.2.tgz#33b40777754c6432573c120cc3808bbd10d47f04"
  integrity sha1-M7QHd3VMZDJXPBIMw4CLvRDUfwQ=

he@^1.1.0:
  version "1.2.0"
  resolved "https://registry.yarnpkg.com/he/-/he-1.2.0.tgz#84ae65fa7eafb165fddb61566ae14baf05664f0f"
  integrity sha512-F/1DnUGPopORZi0ni+CvrCgHQ5FyEAHRLSApuYWMmrbSwoN2Mn/7k+Gl38gJnR7yyDZk6WLXwiGod1JOWNDKGw==

highlight.js@~9.15.0:
  version "9.15.10"
  resolved "https://registry.yarnpkg.com/highlight.js/-/highlight.js-9.15.10.tgz#7b18ed75c90348c045eef9ed08ca1319a2219ad2"
  integrity sha512-RoV7OkQm0T3os3Dd2VHLNMoaoDVx77Wygln3n9l5YV172XonWG6rgQD3XnF/BuFFZw9A0TJgmMSO8FEWQgvcXw==

indexes-of@^1.0.1:
  version "1.0.1"
  resolved "https://registry.yarnpkg.com/indexes-of/-/indexes-of-1.0.1.tgz#f30f716c8e2bd346c7b67d3df3915566a7c05607"
  integrity sha1-8w9xbI4r00bHtn0985FVZqfAVgc=

is-buffer@^2.0.2:
  version "2.0.4"
  resolved "https://registry.yarnpkg.com/is-buffer/-/is-buffer-2.0.4.tgz#3e572f23c8411a5cfd9557c849e3665e0b290623"
  integrity sha512-Kq1rokWXOPXWuaMAqZiJW4XxsmD9zGx9q4aePabbn3qCRGedtH7Cm+zV8WETitMfu1wdh+Rvd6w5egwSngUX2A==

json5@^1.0.1:
  version "1.0.1"
  resolved "https://registry.yarnpkg.com/json5/-/json5-1.0.1.tgz#779fb0018604fa854eacbf6252180d83543e3dbe"
  integrity sha512-aKS4WQjPenRxiQsC93MNfjx+nbF4PAdYzmd/1JIj8HYzqfbu86beTuNgXDzPknWk0n0uARlyewZo4s++ES36Ow==
  dependencies:
    minimist "^1.2.0"

loader-utils@^1.0.2, loader-utils@^1.1.0:
  version "1.2.3"
  resolved "https://registry.yarnpkg.com/loader-utils/-/loader-utils-1.2.3.tgz#1ff5dc6911c9f0a062531a4c04b609406108c2c7"
  integrity sha512-fkpz8ejdnEMG3s37wGL07iSBDg99O9D5yflE9RGNH3hRdx9SOwYfnGYdZOUIZitN8E+E2vkq3MUMYMvPYl5ZZA==
  dependencies:
    big.js "^5.2.2"
    emojis-list "^2.0.0"
    json5 "^1.0.1"

lowlight@^1.12.1:
  version "1.12.1"
  resolved "https://registry.yarnpkg.com/lowlight/-/lowlight-1.12.1.tgz#014acf8dd73a370e02ff1cc61debcde3bb1681eb"
  integrity sha512-OqaVxMGIESnawn+TU/QMV5BJLbUghUfjDWPAtFqDYDmDtr4FnB+op8xM+pR7nKlauHNUHXGt0VgWatFB8voS5w==
  dependencies:
    fault "^1.0.2"
    highlight.js "~9.15.0"

lru-cache@^4.1.2:
  version "4.1.5"
  resolved "https://registry.yarnpkg.com/lru-cache/-/lru-cache-4.1.5.tgz#8bbe50ea85bed59bc9e33dcab8235ee9bcf443cd"
  integrity sha512-sWZlbEP2OsHNkXrMl5GYk/jKk70MBng6UU4YI/qGDYbgf6YbP4EvmqISbXCoJiRKs+1bSpFHVgQxvJ17F2li5g==
  dependencies:
    pseudomap "^1.0.2"
    yallist "^2.1.2"

marked@*:
  version "0.7.0"
  resolved "https://registry.yarnpkg.com/marked/-/marked-0.7.0.tgz#b64201f051d271b1edc10a04d1ae9b74bb8e5c0e"
  integrity sha512-c+yYdCZJQrsRjTPhUx7VKkApw9bwDkNbHUKo1ovgcfDjb2kc8rLuRbIFyXL5WOEUwzSSKo3IXpph2K6DqB/KZg==

matches-selector@^1.0.0:
  version "1.2.0"
  resolved "https://registry.yarnpkg.com/matches-selector/-/matches-selector-1.2.0.tgz#d1814e7e8f43e69d22ac33c9af727dc884ecf12a"
  integrity sha512-c4vLwYWyl+Ji+U43eU/G5FwxWd4ZH0ePUsFs5y0uwD9HUEFBXUQ1zUUan+78IpRD+y4pUfG0nAzNM292K7ItvA==

merge-source-map@^1.1.0:
  version "1.1.0"
  resolved "https://registry.yarnpkg.com/merge-source-map/-/merge-source-map-1.1.0.tgz#2fdde7e6020939f70906a68f2d7ae685e4c8c646"
  integrity sha512-Qkcp7P2ygktpMPh2mCQZaf3jhN6D3Z/qVZHSdWvQ+2Ef5HgRAPBO57A77+ENm0CPx2+1Ce/MYKi3ymqdfuqibw==
  dependencies:
    source-map "^0.6.1"

minimist@^1.2.0:
  version "1.2.0"
  resolved "https://registry.yarnpkg.com/minimist/-/minimist-1.2.0.tgz#a35008b20f41383eec1fb914f4cd5df79a264284"
  integrity sha1-o1AIsg9BOD7sH7kU9M1d95omQoQ=

ms@2.0.0:
  version "2.0.0"
  resolved "https://registry.yarnpkg.com/ms/-/ms-2.0.0.tgz#5608aeadfc00be6c2901df5f9861788de0d597c8"
  integrity sha1-VgiurfwAvmwpAd9fmGF4jeDVl8g=

node-fetch@^2.6.0:
  version "2.6.0"
  resolved "https://registry.yarnpkg.com/node-fetch/-/node-fetch-2.6.0.tgz#e633456386d4aa55863f676a7ab0daa8fdecb0fd"
  integrity sha512-8dG4H5ujfvFiqDmVu9fQ5bOHUC15JMjMY/Zumv26oOvvVJjM67KF8koCWIabKQ1GJIa9r2mMZscBq/TbdOcmNA==

orderedmap@^1.0.0:
  version "1.0.0"
  resolved "https://registry.yarnpkg.com/orderedmap/-/orderedmap-1.0.0.tgz#d90fc2ba1ed085190907d601dec6e6a53f8d41ba"
  integrity sha1-2Q/Cuh7QhRkJB9YB3sbmpT+NQbo=

popper.js@^1.14.6, popper.js@^1.15.0:
  version "1.15.0"
  resolved "https://registry.yarnpkg.com/popper.js/-/popper.js-1.15.0.tgz#5560b99bbad7647e9faa475c6b8056621f5a4ff2"
  integrity sha512-w010cY1oCUmI+9KwwlWki+r5jxKfTFDVoadl7MSrIujHU5MJ5OR6HTDj6Xo8aoR/QsA56x8jKjA59qGH4ELtrA==

portal-vue@^2.1.6:
  version "2.1.6"
  resolved "https://registry.yarnpkg.com/portal-vue/-/portal-vue-2.1.6.tgz#a7d4790b14a79af7fd159a60ec88c30cddc6c639"
  integrity sha512-lvCF85D4e8whd0nN32D8FqKwwkk7nYUI3Ku8UAEx4Z1reomu75dv5evRUTZNaj1EalxxWNXiNl0EHRq36fG8WA==

postcss-selector-parser@^5.0.0:
  version "5.0.0"
  resolved "https://registry.yarnpkg.com/postcss-selector-parser/-/postcss-selector-parser-5.0.0.tgz#249044356697b33b64f1a8f7c80922dddee7195c"
  integrity sha512-w+zLE5Jhg6Liz8+rQOWEAwtwkyqpfnmsinXjXg6cY7YIONZZtgvE0v2O0uhQBs0peNomOJwWRKt6JBfTdTd3OQ==
  dependencies:
    cssesc "^2.0.0"
    indexes-of "^1.0.1"
    uniq "^1.0.1"

postcss@^7.0.14:
  version "7.0.18"
  resolved "https://registry.yarnpkg.com/postcss/-/postcss-7.0.18.tgz#4b9cda95ae6c069c67a4d933029eddd4838ac233"
  integrity sha512-/7g1QXXgegpF+9GJj4iN7ChGF40sYuGYJ8WZu8DZWnmhQ/G36hfdk3q9LBJmoK+lZ+yzZ5KYpOoxq7LF1BxE8g==
  dependencies:
    chalk "^2.4.2"
    source-map "^0.6.1"
    supports-color "^6.1.0"

prettier@1.16.3:
  version "1.16.3"
  resolved "https://registry.yarnpkg.com/prettier/-/prettier-1.16.3.tgz#8c62168453badef702f34b45b6ee899574a6a65d"
  integrity sha512-kn/GU6SMRYPxUakNXhpP0EedT/KmaPzr0H5lIsDogrykbaxOpOfAFfk5XA7DZrJyMAv1wlMV3CPcZruGXVVUZw==

prosemirror-collab@^1.1.2:
  version "1.1.2"
  resolved "https://registry.yarnpkg.com/prosemirror-collab/-/prosemirror-collab-1.1.2.tgz#622fdc52692a83045ba6914c01a0416ff35f646a"
  integrity sha512-ew0p0XWlp3PYc4h20hOfix8UPSRaJMRHQQCMoIUzxoiBgGGij/N4pXIY+w/iw5JISgP8QYyOy5arOYnCzFJQlQ==
  dependencies:
    prosemirror-state "^1.0.0"

prosemirror-commands@^1.0.8:
  version "1.0.8"
  resolved "https://registry.yarnpkg.com/prosemirror-commands/-/prosemirror-commands-1.0.8.tgz#3b21e8b2f2e1c04ddb831b2d4055084b6d627bcc"
  integrity sha512-P9QdkYYBHWsrJ1JztQuHgeZS7DPCcijQduOj9oxFiqK8Fm6eTsVHzU1IwiRBe+FlK7tyQaerhu/F5K8sqnZ1Cw==
  dependencies:
    prosemirror-model "^1.0.0"
    prosemirror-state "^1.0.0"
    prosemirror-transform "^1.0.0"

prosemirror-dropcursor@^1.1.2:
  version "1.2.0"
  resolved "https://registry.yarnpkg.com/prosemirror-dropcursor/-/prosemirror-dropcursor-1.2.0.tgz#00b1bdb803ac28f5a68d7e0a16a47c9c11aab97d"
  integrity sha512-D7JrvOgN32PmOgfimdDMKCuYp4tGyCulpsd39/Nzvn9A+tCJmM8XY1PB07zkr2vjrjF09WYD3Ifer7Z3pk/YRw==
  dependencies:
    prosemirror-state "^1.0.0"
    prosemirror-transform "^1.1.0"
    prosemirror-view "^1.1.0"

prosemirror-gapcursor@^1.0.4:
  version "1.0.4"
  resolved "https://registry.yarnpkg.com/prosemirror-gapcursor/-/prosemirror-gapcursor-1.0.4.tgz#4ba663fb8511616e18ad222c904403cfbf6866dc"
  integrity sha512-k021MtJibWs3NaJI6S9tCXfTZ/kaugFZBndHkkWx3Zfk0QDUO6JfVATpflxADN6DUkRwJ7qWyHlLDWu71hxHFQ==
  dependencies:
    prosemirror-keymap "^1.0.0"
    prosemirror-model "^1.0.0"
    prosemirror-state "^1.0.0"
    prosemirror-view "^1.0.0"

prosemirror-history@^1.0.4:
  version "1.0.4"
  resolved "https://registry.yarnpkg.com/prosemirror-history/-/prosemirror-history-1.0.4.tgz#313a15489a78795321f3a37d53d8c68610c5adb6"
  integrity sha512-Kk2UisC9EzYcsNv+ILiQJWpsu0rbT6+oAAkvseFUHnudtfkmYAJu1+Xp3F0xTTCVmQdSqSLVk8qydllXUUOU4Q==
  dependencies:
    prosemirror-state "^1.2.2"
    prosemirror-transform "^1.0.0"
    rope-sequence "^1.2.0"

prosemirror-inputrules@^1.0.4:
  version "1.0.4"
  resolved "https://registry.yarnpkg.com/prosemirror-inputrules/-/prosemirror-inputrules-1.0.4.tgz#8ae84d9c147abb448b86063ff422e801c4b1658d"
  integrity sha512-RhuBghqUgYWm8ai/P+k1lMl1ZGvt6Cs3Xeur8oN0L1Yy+Z5GmsTp3fT8RVl+vJeGkItEAxAit9Qh7yZxixX7rA==
  dependencies:
    prosemirror-state "^1.0.0"
    prosemirror-transform "^1.0.0"

prosemirror-keymap@^1.0.0, prosemirror-keymap@^1.0.1:
  version "1.0.1"
  resolved "https://registry.yarnpkg.com/prosemirror-keymap/-/prosemirror-keymap-1.0.1.tgz#03ef32b828e3a859dfb570eb84928bf2e5330bc2"
  integrity sha512-e79ApE7PXXZMFtPz7WbjycjAFd1NPjgY1MkecVz98tqwlBSggXWXYQnWFk6x7UkmnBYRHHbXHkR/RXmu2wyBJg==
  dependencies:
    prosemirror-state "^1.0.0"
    w3c-keyname "^1.1.8"

prosemirror-model@^1.0.0, prosemirror-model@^1.1.0, prosemirror-model@^1.7.3:
  version "1.7.4"
  resolved "https://registry.yarnpkg.com/prosemirror-model/-/prosemirror-model-1.7.4.tgz#fadefad98ef9d71ca1749d18a82005313c978e4b"
  integrity sha512-yxdpPh9Uv5vAOZvmbhg4fsGUK1oHuQs69iX7cFZ0A4Y+AyMMWRCNKUt21uv84HbXb4I180l4pJE8ibaH/SwYiw==
  dependencies:
    orderedmap "^1.0.0"

prosemirror-schema-list@^1.0.3:
  version "1.0.4"
  resolved "https://registry.yarnpkg.com/prosemirror-schema-list/-/prosemirror-schema-list-1.0.4.tgz#cbb11936e306aa45586af4279529ce61b52cfb6e"
  integrity sha512-7Y0b6FIG6ATnCcDSLrZfU9yIfOG5Yad3DMNZ9W7GGfMSzdIl0aHExrsIUgviJZjovO2jtLJVbxWGjMR3OrTupA==
  dependencies:
    prosemirror-model "^1.0.0"
    prosemirror-transform "^1.0.0"

prosemirror-state@^1.0.0, prosemirror-state@^1.2.2, prosemirror-state@^1.2.4:
  version "1.2.4"
  resolved "https://registry.yarnpkg.com/prosemirror-state/-/prosemirror-state-1.2.4.tgz#aab932ebb33a0f27c256abce6fc20da8ca77ad5e"
  integrity sha512-ViXpXond3BbSL12ENARQGq3Y8igwFMbTcy96xUNK8kfIcfQRlYlgYrBPXIkHC5+QZtbPrYlpuJ2+QyeSlSX9Cw==
  dependencies:
    prosemirror-model "^1.0.0"
    prosemirror-transform "^1.0.0"

prosemirror-tables@^0.9.5:
  version "0.9.5"
  resolved "https://registry.yarnpkg.com/prosemirror-tables/-/prosemirror-tables-0.9.5.tgz#94d9881a46051e6fff3c51edffafa346da084def"
  integrity sha512-RlAF/D7OvnDCOL8B6Qt6KuBkb0w3SedTdrou7wH7Nn2ml7+M5xUalW/h1f7dMD3wjsU47/Cn8zTbEkCDIpIggw==
  dependencies:
    prosemirror-keymap "^1.0.0"
    prosemirror-model "^1.0.0"
    prosemirror-state "^1.0.0"
    prosemirror-transform "^1.0.0"
    prosemirror-view "^1.0.0"

prosemirror-transform@^1.0.0, prosemirror-transform@^1.1.0, prosemirror-transform@^1.1.5:
  version "1.1.5"
  resolved "https://registry.yarnpkg.com/prosemirror-transform/-/prosemirror-transform-1.1.5.tgz#e50113d8004854eca1fa0711806bca53b1f1fad9"
  integrity sha512-hJyRcwykLrAAj/ziNbVK1P/ensiszWJ2fNwNiDM8ZWYiMPwM4cAd2jptj/znxJfIvaj0S0psWL1+VhKwPNJDSQ==
  dependencies:
    prosemirror-model "^1.0.0"

prosemirror-utils@^0.9.6:
  version "0.9.6"
  resolved "https://registry.yarnpkg.com/prosemirror-utils/-/prosemirror-utils-0.9.6.tgz#3d97bd85897e3b535555867dc95a51399116a973"
  integrity sha512-UC+j9hQQ1POYfMc5p7UFxBTptRiGPR7Kkmbl3jVvU8VgQbkI89tR/GK+3QYC8n+VvBZrtAoCrJItNhWSxX3slA==

prosemirror-view@^1.0.0, prosemirror-view@^1.1.0, prosemirror-view@^1.11.4:
  version "1.11.6"
  resolved "https://registry.yarnpkg.com/prosemirror-view/-/prosemirror-view-1.11.6.tgz#8500fc20a06b9bf3e2f60c01d9a950bd61512db6"
  integrity sha512-QilemwGa8ib1n42JFFP4J4SEpzPan2IcMNUlllya/ye9gjuHy1Wt5R/o0zXK0Y0HRP4gNqqb9VrbLvi7UAILqQ==
  dependencies:
    prosemirror-model "^1.1.0"
    prosemirror-state "^1.0.0"
    prosemirror-transform "^1.1.0"

pseudomap@^1.0.2:
  version "1.0.2"
  resolved "https://registry.yarnpkg.com/pseudomap/-/pseudomap-1.0.2.tgz#f052a28da70e618917ef0a8ac34c1ae5a68286b3"
  integrity sha1-8FKijacOYYkX7wqKw0wa5aaChrM=

regenerator-runtime@^0.13.2:
  version "0.13.3"
  resolved "https://registry.yarnpkg.com/regenerator-runtime/-/regenerator-runtime-0.13.3.tgz#7cf6a77d8f5c6f60eb73c5fc1955b2ceb01e6bf5"
  integrity sha512-naKIZz2GQ8JWh///G7L3X6LaQUAMp2lvb1rvwwsURe/VXwD6VMfr+/1NuNw3ag8v2kY1aQ/go5SNn79O9JU7yw==

rope-sequence@^1.2.0:
  version "1.2.2"
  resolved "https://registry.yarnpkg.com/rope-sequence/-/rope-sequence-1.2.2.tgz#49c4e5c2f54a48e990b050926771e2871bcb31ce"
  integrity sha1-ScTlwvVKSOmQsFCSZ3HihxvLMc4=

shufflejs@^5.2.2:
  version "5.2.3"
  resolved "https://registry.yarnpkg.com/shufflejs/-/shufflejs-5.2.3.tgz#67bd133b835ca728a1432b4be2eec821cc890d94"
  integrity sha512-x/vb3Kdyb5X4GykbdOS49EU34jtMag2aYODL/z0nWT0DVFpWNk08xVeonKSMZnH4/piSWLjCkn4296BlxhvDnw==
  dependencies:
    array-parallel "^0.1.3"
    matches-selector "^1.0.0"
    throttleit "^1.0.0"
    tiny-emitter "^2.1.0"

simplemde@^1.11.2:
  version "1.11.2"
  resolved "https://registry.yarnpkg.com/simplemde/-/simplemde-1.11.2.tgz#a23a35d978d2c40ef07dec008c92f070d8e080e3"
  integrity sha1-ojo12XjSxA7wfewAjJLwcNjggOM=
  dependencies:
    codemirror "*"
    codemirror-spell-checker "*"
    marked "*"

sortablejs@^1.10.1:
  version "1.10.1"
  resolved "https://registry.yarnpkg.com/sortablejs/-/sortablejs-1.10.1.tgz#3d52b00f871be00f00f84d99a60d120bf3dfe52c"
  integrity sha512-N6r7GrVmO8RW1rn0cTdvK3JR0BcqecAJ0PmYMCL3ZuqTH3pY+9QyqkmJSkkLyyDvd+AJnwaxTP22Ybr/83V9hQ==

source-map@^0.6.1, source-map@~0.6.1:
  version "0.6.1"
  resolved "https://registry.yarnpkg.com/source-map/-/source-map-0.6.1.tgz#74722af32e9614e9c287a8d0bbde48b5e2f1a263"
  integrity sha512-UjgapumWlbMhkBgzT7Ykc5YXUT46F0iKu8SGXq0bcwP5dz/h0Plj6enJqjz1Zbq2l5WaqYnrVbwWOWMyF3F47g==

spark-md5@^3.0.0:
  version "3.0.0"
  resolved "https://registry.yarnpkg.com/spark-md5/-/spark-md5-3.0.0.tgz#3722227c54e2faf24b1dc6d933cc144e6f71bfef"
  integrity sha1-NyIifFTi+vJLHcbZM8wUTm9xv+8=

supports-color@^5.3.0:
  version "5.5.0"
  resolved "https://registry.yarnpkg.com/supports-color/-/supports-color-5.5.0.tgz#e2e69a44ac8772f78a1ec0b35b689df6530efc8f"
  integrity sha512-QjVjwdXIt408MIiAqCX4oUKsgU2EqAGzs2Ppkm4aQYbjm+ZEWEcW4SfFNTr4uMNZma0ey4f5lgLrkB0aX0QMow==
  dependencies:
    has-flag "^3.0.0"

supports-color@^6.1.0:
  version "6.1.0"
  resolved "https://registry.yarnpkg.com/supports-color/-/supports-color-6.1.0.tgz#0764abc69c63d5ac842dd4867e8d025e880df8f3"
  integrity sha512-qe1jfm1Mg7Nq/NSh6XE24gPXROEVsWHxC1LIx//XNlD9iw7YZQGjZNjYN7xGaEG6iKdA8EtNFW6R0gjnVXp+wQ==
  dependencies:
    has-flag "^3.0.0"

throttleit@^1.0.0:
  version "1.0.0"
  resolved "https://registry.yarnpkg.com/throttleit/-/throttleit-1.0.0.tgz#9e785836daf46743145a5984b6268d828528ac6c"
  integrity sha1-nnhYNtr0Z0MUWlmEtiaNgoUorGw=

tiny-emitter@^2.1.0:
  version "2.1.0"
  resolved "https://registry.yarnpkg.com/tiny-emitter/-/tiny-emitter-2.1.0.tgz#1d1a56edfc51c43e863cbb5382a72330e3555423"
  integrity sha512-NB6Dk1A9xgQPMoGqC5CVXn123gWyte215ONT5Pp5a0yt4nlEoO1ZWeCwpncaekPHXO60i47ihFnZPiRPjRMq4Q==

tiptap-commands@^1.12.2:
  version "1.12.2"
  resolved "https://registry.yarnpkg.com/tiptap-commands/-/tiptap-commands-1.12.2.tgz#5d478604f03ab5bc5b05e3f94f8c75cec175c8c3"
  integrity sha512-wE19avtU0N/pNQlwDhfsJH1M3QT0Bc3oukfoB7K+K0H7xAXyfukbVPoZGjItWoyawtPk11A80OIBQCrO63fO4Q==
  dependencies:
    prosemirror-commands "^1.0.8"
    prosemirror-inputrules "^1.0.4"
    prosemirror-model "^1.7.3"
    prosemirror-schema-list "^1.0.3"
    prosemirror-state "^1.2.4"
    prosemirror-tables "^0.9.5"
    prosemirror-utils "^0.9.6"
    tiptap-utils "^1.8.1"

tiptap-extensions@^1.24.0:
  version "1.28.3"
  resolved "https://registry.yarnpkg.com/tiptap-extensions/-/tiptap-extensions-1.28.3.tgz#6278ed247c35c97cec41395671433408977cd9ef"
  integrity sha512-iTUY5HQ+gYCHlyGMqcfKqO7JAvCqDEuvO4vEUrVxx0RgoYQfEf+Y17Kw8AJlVR6bB/Y/bEmMIuzVPjsgWNWdbw==
  dependencies:
    lowlight "^1.12.1"
    prosemirror-collab "^1.1.2"
    prosemirror-history "^1.0.4"
    prosemirror-model "^1.7.3"
    prosemirror-state "^1.2.4"
    prosemirror-tables "^0.9.5"
    prosemirror-transform "^1.1.5"
    prosemirror-utils "^0.9.6"
    prosemirror-view "^1.11.4"
    tiptap "^1.26.3"
    tiptap-commands "^1.12.2"

tiptap-utils@^1.8.1:
  version "1.8.1"
  resolved "https://registry.yarnpkg.com/tiptap-utils/-/tiptap-utils-1.8.1.tgz#52eb90524f1ec95e66ddc84a20d892aaac879630"
  integrity sha512-FcceXo+yVZni54aB/R3nTpdtcHmFM6QwW6PZg1aHH2u2fhkeV/MB7sXBkx3wIrvOtw8WPT2Kjpou2to27CCtbA==
  dependencies:
    prosemirror-model "^1.7.3"
    prosemirror-state "^1.2.4"
    prosemirror-tables "^0.9.5"
    prosemirror-utils "^0.9.6"

tiptap@^1.23.0, tiptap@^1.26.3:
  version "1.26.3"
  resolved "https://registry.yarnpkg.com/tiptap/-/tiptap-1.26.3.tgz#a08e1db4f1dce17a14309532e65a3949b0ceed91"
  integrity sha512-EcTEM8GLuMa1jNxGg5cWR7NqyiFwtRat6im8A5EvL6iiLiOhIaqgkQnZJ5qUxWNgQTfjgCO5IWA85yoRSJWNMQ==
  dependencies:
    prosemirror-commands "^1.0.8"
    prosemirror-dropcursor "^1.1.2"
    prosemirror-gapcursor "^1.0.4"
    prosemirror-inputrules "^1.0.4"
    prosemirror-keymap "^1.0.1"
    prosemirror-model "^1.7.3"
    prosemirror-state "^1.2.4"
    prosemirror-view "^1.11.4"
    tiptap-commands "^1.12.2"
    tiptap-utils "^1.8.1"

typo-js@*:
  version "1.0.3"
  resolved "https://registry.yarnpkg.com/typo-js/-/typo-js-1.0.3.tgz#54d8ebc7949f1a7810908b6002c6841526c99d5a"
  integrity sha1-VNjrx5SfGngQkItgAsaEFSbJnVo=

uniq@^1.0.1:
  version "1.0.1"
  resolved "https://registry.yarnpkg.com/uniq/-/uniq-1.0.1.tgz#b31c5ae8254844a3a8281541ce2b04b865a734ff"
  integrity sha1-sxxa6CVIRKOoKBVBzisEuGWnNP8=

verte@^0.0.12:
  version "0.0.12"
  resolved "https://registry.yarnpkg.com/verte/-/verte-0.0.12.tgz#f91b3f82cf2d6ea81ac2ccad66bb9aefe7997503"
  integrity sha512-QEWpKkjAT8SLkNJzeiZxN7tJuUiTTFO51tg9dGIrkDlQhzbaM+bTT0wtDM2c/F+Ur9luE64qhsM4xI0Af3Ut1g==
  dependencies:
    color-fns "^0.0.10"

vue-functional-data-merge@^3.1.0:
  version "3.1.0"
  resolved "https://registry.yarnpkg.com/vue-functional-data-merge/-/vue-functional-data-merge-3.1.0.tgz#08a7797583b7f35680587f8a1d51d729aa1dc657"
  integrity sha512-leT4kdJVQyeZNY1kmnS1xiUlQ9z1B/kdBFCILIjYYQDqZgLqCLa0UhjSSeRX6c3mUe6U5qYeM8LrEqkHJ1B4LA==

vue-hot-reload-api@^2.3.0:
  version "2.3.4"
  resolved "https://registry.yarnpkg.com/vue-hot-reload-api/-/vue-hot-reload-api-2.3.4.tgz#532955cc1eb208a3d990b3a9f9a70574657e08f2"
  integrity sha512-BXq3jwIagosjgNVae6tkHzzIk6a8MHFtzAdwhnV5VlvPTFxDCvIttgSiHWjdGoTJvXtmRu5HacExfdarRcFhog==

vue-loader@^15.4.2:
  version "15.7.1"
  resolved "https://registry.yarnpkg.com/vue-loader/-/vue-loader-15.7.1.tgz#6ccacd4122aa80f69baaac08ff295a62e3aefcfd"
  integrity sha512-fwIKtA23Pl/rqfYP5TSGK7gkEuLhoTvRYW+TU7ER3q9GpNLt/PjG5NLv3XHRDiTg7OPM1JcckBgds+VnAc+HbA==
  dependencies:
    "@vue/component-compiler-utils" "^3.0.0"
    hash-sum "^1.0.2"
    loader-utils "^1.1.0"
    vue-hot-reload-api "^2.3.0"
    vue-style-loader "^4.1.0"

vue-style-loader@^4.1.0:
  version "4.1.2"
  resolved "https://registry.yarnpkg.com/vue-style-loader/-/vue-style-loader-4.1.2.tgz#dedf349806f25ceb4e64f3ad7c0a44fba735fcf8"
  integrity sha512-0ip8ge6Gzz/Bk0iHovU9XAUQaFt/G2B61bnWa2tCcqqdgfHs1lF9xXorFbE55Gmy92okFT+8bfmySuUOu13vxQ==
  dependencies:
    hash-sum "^1.0.2"
    loader-utils "^1.0.2"

vue-template-compiler@^2.6.10:
  version "2.6.10"
  resolved "https://registry.yarnpkg.com/vue-template-compiler/-/vue-template-compiler-2.6.10.tgz#323b4f3495f04faa3503337a82f5d6507799c9cc"
  integrity sha512-jVZkw4/I/HT5ZMvRnhv78okGusqe0+qH2A0Em0Cp8aq78+NK9TII263CDVz2QXZsIT+yyV/gZc/j/vlwa+Epyg==
  dependencies:
    de-indent "^1.0.2"
    he "^1.1.0"

vue-template-es2015-compiler@^1.9.0:
  version "1.9.1"
  resolved "https://registry.yarnpkg.com/vue-template-es2015-compiler/-/vue-template-es2015-compiler-1.9.1.tgz#1ee3bc9a16ecbf5118be334bb15f9c46f82f5825"
  integrity sha512-4gDntzrifFnCEvyoO8PqyJDmguXgVPxKiIxrBKjIowvL9l+N66196+72XVYR8BBf1Uv1Fgt3bGevJ+sEmxfZzw==

vue-upload-component@^2.8.16:
  version "2.8.20"
  resolved "https://registry.yarnpkg.com/vue-upload-component/-/vue-upload-component-2.8.20.tgz#60824d3f20f3216dca90d8c86a5c980851b04ea0"
  integrity sha512-zrnJvULu4rnZe36Ib2/AZrI/h/mmNbUJZ+acZD652PyumzbvjCOQeYHe00sGifTdYjzzS66CwhTT+ubZ2D0Aow==

vue@^2.5.0, vue@^2.6.10:
  version "2.6.10"
  resolved "https://registry.yarnpkg.com/vue/-/vue-2.6.10.tgz#a72b1a42a4d82a721ea438d1b6bf55e66195c637"
  integrity sha512-ImThpeNU9HbdZL3utgMCq0oiMzAkt1mcgy3/E6zWC/G6AaQoeuFdsl9nDhTDU3X1R6FK7nsIUuRACVcjI+A2GQ==

vuedraggable@^2.17.0:
  version "2.23.2"
  resolved "https://registry.yarnpkg.com/vuedraggable/-/vuedraggable-2.23.2.tgz#0d95d7fdf4f02f56755a26b3c9dca5c7ca9cfa72"
  integrity sha512-PgHCjUpxEAEZJq36ys49HfQmXglattf/7ofOzUrW2/rRdG7tu6fK84ir14t1jYv4kdXewTEa2ieKEAhhEMdwkQ==
  dependencies:
    sortablejs "^1.10.1"

w3c-keyname@^1.1.8:
  version "1.1.8"
  resolved "https://registry.yarnpkg.com/w3c-keyname/-/w3c-keyname-1.1.8.tgz#4e2219663760fd6535b7a1550f1552d71fc9372c"
  integrity sha512-2HAdug8GTiu3b4NYhssdtY8PXRue3ICnh1IlxvZYl+hiINRq0GfNWei3XOPDg8L0PsxbmYjWVLuLj6BMRR/9vA==

yallist@^2.1.2:
  version "2.1.2"
  resolved "https://registry.yarnpkg.com/yallist/-/yallist-2.1.2.tgz#1c11f9218f076089a47dd512f93c6699a6a81d52"
  integrity sha1-HBH5IY8HYImkfdUS+TxmmaaoHVI=
